{
  "name": "cli-wallet-tracker",
  "version": "1.0.0",
  "lockfileVersion": 3,
  "requires": true,
  "packages": {
    "": {
      "name": "cli-wallet-tracker",
      "version": "1.0.0",
      "license": "ISC",
      "dependencies": {
        "asciichart": "^1.5.25",
        "dotenv": "^16.4.5"
      }
    },
    "node_modules/asciichart": {
      "version": "1.5.25",
      "resolved": "https://registry.npmjs.org/asciichart/-/asciichart-1.5.25.tgz",
      "integrity": "sha512-PNxzXIPPOtWq8T7bgzBtk9cI2lgS4SJZthUHEiQ1aoIc3lNzGfUvIvo9LiAnq26TACo9t1/4qP6KTGAUbzX9Xg=="
    },
    "node_modules/dotenv": {
      "version": "16.4.5",
      "resolved": "https://registry.npmjs.org/dotenv/-/dotenv-16.4.5.tgz",
      "integrity": "sha512-ZmdL2rui+eB2YwhsWzjInR8LldtZHGDoQ1ugH85ppHKwpUHL7j7rN0Ti9NCnGiQbhaZ11FpR+7ao1dNsmduNUg==",
      "engines": {
        "node": ">=12"
      },
      "funding": {
        "url": "https://dotenvx.com"
      }
    }
  }
}
